
Microsoft Visual Studio Solution File, Format Version 12.00
# Visual Studio Version 17
VisualStudioVersion = 17.0.31903.59
MinimumVisualStudioVersion = 10.0.40219.1
Project("{FAE04EC0-301F-11D3-BF4B-00C04F79EFBC}") = "BulkyWeb", "BulkyWeb\BulkyWeb.csproj", "{1E54FD07-5366-4571-A31D-B5CAF9098ABA}"
EndProject
Project("{FAE04EC0-301F-11D3-BF4B-00C04F79EFBC}") = "Bulky.DataAccess", "Bulky.DataAccess\Bulky.DataAccess.csproj", "{6FBD990E-4E19-46DE-957C-990ADCB7321D}"
EndProject
Project("{FAE04EC0-301F-11D3-BF4B-00C04F79EFBC}") = "Bulky.Utility", "Bulky.Utility\Bulky.Utility.csproj", "{2F64317D-7F40-4CC9-912F-01595ABE594D}"
EndProject
Project("{FAE04EC0-301F-11D3-BF4B-00C04F79EFBC}") = "Bulky.Models", "Bulky.Models\Bulky.Models.csproj", "{4A5908A1-677D-4F38-A643-01D8ADBF0679}"
EndProject
Global
	GlobalSection(SolutionConfigurationPlatforms) = preSolution
		Debug|Any CPU = Debug|Any CPU
		Release|Any CPU = Release|Any CPU
	EndGlobalSection
	GlobalSection(SolutionProperties) = preSolution
		HideSolutionNode = FALSE
	EndGlobalSection
	GlobalSection(ProjectConfigurationPlatforms) = postSolution
		{1E54FD07-5366-4571-A31D-B5CAF9098ABA}.Debug|Any CPU.ActiveCfg = Debug|Any CPU
		{1E54FD07-5366-4571-A31D-B5CAF9098ABA}.Debug|Any CPU.Build.0 = Debug|Any CPU
		{1E54FD07-5366-4571-A31D-B5CAF9098ABA}.Release|Any CPU.ActiveCfg = Release|Any CPU
		{1E54FD07-5366-4571-A31D-B5CAF9098ABA}.Release|Any CPU.Build.0 = Release|Any CPU
		{6FBD990E-4E19-46DE-957C-990ADCB7321D}.Debug|Any CPU.ActiveCfg = Debug|Any CPU
		{6FBD990E-4E19-46DE-957C-990ADCB7321D}.Debug|Any CPU.Build.0 = Debug|Any CPU
		{6FBD990E-4E19-46DE-957C-990ADCB7321D}.Release|Any CPU.ActiveCfg = Release|Any CPU
		{6FBD990E-4E19-46DE-957C-990ADCB7321D}.Release|Any CPU.Build.0 = Release|Any CPU
		{2F64317D-7F40-4CC9-912F-01595ABE594D}.Debug|Any CPU.ActiveCfg = Debug|Any CPU
		{2F64317D-7F40-4CC9-912F-01595ABE594D}.Debug|Any CPU.Build.0 = Debug|Any CPU
		{2F64317D-7F40-4CC9-912F-01595ABE594D}.Release|Any CPU.ActiveCfg = Release|Any CPU
		{2F64317D-7F40-4CC9-912F-01595ABE594D}.Release|Any CPU.Build.0 = Release|Any CPU
		{4A5908A1-677D-4F38-A643-01D8ADBF0679}.Debug|Any CPU.ActiveCfg = Debug|Any CPU
		{4A5908A1-677D-4F38-A643-01D8ADBF0679}.Debug|Any CPU.Build.0 = Debug|Any CPU
		{4A5908A1-677D-4F38-A643-01D8ADBF0679}.Release|Any CPU.ActiveCfg = Release|Any CPU
		{4A5908A1-677D-4F38-A643-01D8ADBF0679}.Release|Any CPU.Build.0 = Release|Any CPU
	EndGlobalSection
EndGlobal
